
Microsoft Visual Studio Solution File, Format Version 12.00
# Visual Studio 2013
VisualStudioVersion = 12.0.31101.0
MinimumVisualStudioVersion = 10.0.40219.1
Project("{FAE04EC0-301F-11D3-BF4B-00C04F79EFBC}") = "TouHou Exploding", "TouHou Exploding\TouHou Exploding.csproj", "{AC4C0160-C3B7-48A1-9745-281F232F7EAA}"
EndProject
Project("{FAE04EC0-301F-11D3-BF4B-00C04F79EFBC}") = "NetWork Client", "NetWork Client\NetWork Client.csproj", "{7155988A-243C-47E9-9D42-3DD490D2762C}"
EndProject
Project("{2150E333-8FDC-42A3-9474-1A3956D46DE8}") = "Severs", "Severs", "{B98078C8-8A6F-4830-8B39-179DCEF28A8F}"
EndProject
Project("{2150E333-8FDC-42A3-9474-1A3956D46DE8}") = "Public", "Public", "{B1919F0D-66C8-4814-9026-9AEE84768D8F}"
EndProject
Project("{2150E333-8FDC-42A3-9474-1A3956D46DE8}") = "Client", "Client", "{1911D280-0D33-4BDF-8103-F3A5AAD4F207}"
EndProject
Global
	GlobalSection(SolutionConfigurationPlatforms) = preSolution
		Debug|Any CPU = Debug|Any CPU
		Release|Any CPU = Release|Any CPU
	EndGlobalSection
	GlobalSection(ProjectConfigurationPlatforms) = postSolution
		{AC4C0160-C3B7-48A1-9745-281F232F7EAA}.Debug|Any CPU.ActiveCfg = Debug|Any CPU
		{AC4C0160-C3B7-48A1-9745-281F232F7EAA}.Debug|Any CPU.Build.0 = Debug|Any CPU
		{AC4C0160-C3B7-48A1-9745-281F232F7EAA}.Release|Any CPU.ActiveCfg = Release|Any CPU
		{AC4C0160-C3B7-48A1-9745-281F232F7EAA}.Release|Any CPU.Build.0 = Release|Any CPU
		{7155988A-243C-47E9-9D42-3DD490D2762C}.Debug|Any CPU.ActiveCfg = Debug|Any CPU
		{7155988A-243C-47E9-9D42-3DD490D2762C}.Debug|Any CPU.Build.0 = Debug|Any CPU
		{7155988A-243C-47E9-9D42-3DD490D2762C}.Release|Any CPU.ActiveCfg = Release|Any CPU
		{7155988A-243C-47E9-9D42-3DD490D2762C}.Release|Any CPU.Build.0 = Release|Any CPU
	EndGlobalSection
	GlobalSection(SolutionProperties) = preSolution
		HideSolutionNode = FALSE
	EndGlobalSection
	GlobalSection(NestedProjects) = preSolution
		{AC4C0160-C3B7-48A1-9745-281F232F7EAA} = {B98078C8-8A6F-4830-8B39-179DCEF28A8F}
		{7155988A-243C-47E9-9D42-3DD490D2762C} = {B98078C8-8A6F-4830-8B39-179DCEF28A8F}
	EndGlobalSection
EndGlobal
