
Microsoft Visual Studio Solution File, Format Version 12.00
# Visual Studio 2013
VisualStudioVersion = 12.0.31101.0
MinimumVisualStudioVersion = 10.0.40219.1
Project("{FAE04EC0-301F-11D3-BF4B-00C04F79EFBC}") = "NetWork", "NetWork\NetWork.csproj", "{A73C8226-23C8-429F-A08F-CC9E51A6E10B}"
EndProject
Project("{FAE04EC0-301F-11D3-BF4B-00C04F79EFBC}") = "TEST", "TEST\TEST.csproj", "{AF3D9C3C-A2C7-420B-810F-175CB5A3E355}"
EndProject
Global
	GlobalSection(SolutionConfigurationPlatforms) = preSolution
		Debug|Any CPU = Debug|Any CPU
		Release|Any CPU = Release|Any CPU
	EndGlobalSection
	GlobalSection(ProjectConfigurationPlatforms) = postSolution
		{A73C8226-23C8-429F-A08F-CC9E51A6E10B}.Debug|Any CPU.ActiveCfg = Debug|Any CPU
		{A73C8226-23C8-429F-A08F-CC9E51A6E10B}.Debug|Any CPU.Build.0 = Debug|Any CPU
		{A73C8226-23C8-429F-A08F-CC9E51A6E10B}.Release|Any CPU.ActiveCfg = Release|Any CPU
		{A73C8226-23C8-429F-A08F-CC9E51A6E10B}.Release|Any CPU.Build.0 = Release|Any CPU
		{AF3D9C3C-A2C7-420B-810F-175CB5A3E355}.Debug|Any CPU.ActiveCfg = Debug|Any CPU
		{AF3D9C3C-A2C7-420B-810F-175CB5A3E355}.Debug|Any CPU.Build.0 = Debug|Any CPU
		{AF3D9C3C-A2C7-420B-810F-175CB5A3E355}.Release|Any CPU.ActiveCfg = Release|Any CPU
		{AF3D9C3C-A2C7-420B-810F-175CB5A3E355}.Release|Any CPU.Build.0 = Release|Any CPU
	EndGlobalSection
	GlobalSection(SolutionProperties) = preSolution
		HideSolutionNode = FALSE
	EndGlobalSection
EndGlobal
