
Microsoft Visual Studio Solution File, Format Version 12.00
# Visual Studio 2015
Project("{FAE04EC0-301F-11D3-BF4B-00C04F79EFBC}") = "THE_Client.CSharp", "THE_Client.CSharp.csproj", "{18628BD9-D1C7-A1B6-B858-616209DA5A51}"
EndProject
Project("{FAE04EC0-301F-11D3-BF4B-00C04F79EFBC}") = "THE_Client.CSharp.Editor", "THE_Client.CSharp.Editor.csproj", "{2F7D84D4-2EEC-C521-7D1A-B88878E2BEA2}"
EndProject
Global
	GlobalSection(SolutionConfigurationPlatforms) = preSolution
		Debug|Any CPU = Debug|Any CPU
		Release|Any CPU = Release|Any CPU
	EndGlobalSection
	GlobalSection(ProjectConfigurationPlatforms) = postSolution
		{18628BD9-D1C7-A1B6-B858-616209DA5A51}.Debug|Any CPU.ActiveCfg = Debug|Any CPU
		{18628BD9-D1C7-A1B6-B858-616209DA5A51}.Debug|Any CPU.Build.0 = Debug|Any CPU
		{18628BD9-D1C7-A1B6-B858-616209DA5A51}.Release|Any CPU.ActiveCfg = Release|Any CPU
		{18628BD9-D1C7-A1B6-B858-616209DA5A51}.Release|Any CPU.Build.0 = Release|Any CPU
		{2F7D84D4-2EEC-C521-7D1A-B88878E2BEA2}.Debug|Any CPU.ActiveCfg = Debug|Any CPU
		{2F7D84D4-2EEC-C521-7D1A-B88878E2BEA2}.Debug|Any CPU.Build.0 = Debug|Any CPU
		{2F7D84D4-2EEC-C521-7D1A-B88878E2BEA2}.Release|Any CPU.ActiveCfg = Release|Any CPU
		{2F7D84D4-2EEC-C521-7D1A-B88878E2BEA2}.Release|Any CPU.Build.0 = Release|Any CPU
	EndGlobalSection
	GlobalSection(SolutionProperties) = preSolution
		HideSolutionNode = FALSE
	EndGlobalSection
EndGlobal
