
Microsoft Visual Studio Solution File, Format Version 12.00
# Visual Studio 14
VisualStudioVersion = 14.0.23107.0
MinimumVisualStudioVersion = 10.0.40219.1
Project("{FAE04EC0-301F-11D3-BF4B-00C04F79EFBC}") = "THE_Core", "TouHou Exploding\THE_Core.csproj", "{AC4C0160-C3B7-48A1-9745-281F232F7EAA}"
EndProject
Project("{FAE04EC0-301F-11D3-BF4B-00C04F79EFBC}") = "THE_Severs", "THE_Severs\THE_Severs.csproj", "{2BEE4499-3174-46F6-B336-DF26D65B623F}"
EndProject
Global
	GlobalSection(SolutionConfigurationPlatforms) = preSolution
		Debug|Any CPU = Debug|Any CPU
		Release|Any CPU = Release|Any CPU
	EndGlobalSection
	GlobalSection(ProjectConfigurationPlatforms) = postSolution
		{AC4C0160-C3B7-48A1-9745-281F232F7EAA}.Debug|Any CPU.ActiveCfg = Debug|Any CPU
		{AC4C0160-C3B7-48A1-9745-281F232F7EAA}.Debug|Any CPU.Build.0 = Debug|Any CPU
		{AC4C0160-C3B7-48A1-9745-281F232F7EAA}.Release|Any CPU.ActiveCfg = Release|Any CPU
		{AC4C0160-C3B7-48A1-9745-281F232F7EAA}.Release|Any CPU.Build.0 = Release|Any CPU
		{2BEE4499-3174-46F6-B336-DF26D65B623F}.Debug|Any CPU.ActiveCfg = Debug|Any CPU
		{2BEE4499-3174-46F6-B336-DF26D65B623F}.Debug|Any CPU.Build.0 = Debug|Any CPU
		{2BEE4499-3174-46F6-B336-DF26D65B623F}.Release|Any CPU.ActiveCfg = Release|Any CPU
		{2BEE4499-3174-46F6-B336-DF26D65B623F}.Release|Any CPU.Build.0 = Release|Any CPU
	EndGlobalSection
	GlobalSection(SolutionProperties) = preSolution
		HideSolutionNode = FALSE
	EndGlobalSection
EndGlobal
