
Microsoft Visual Studio Solution File, Format Version 12.00
# Visual Studio 14
VisualStudioVersion = 14.0.23107.0
MinimumVisualStudioVersion = 10.0.40219.1
Project("{FAE04EC0-301F-11D3-BF4B-00C04F79EFBC}") = "THE_Severs", "THE_Severs\THE_Severs.csproj", "{2BEE4499-3174-46F6-B336-DF26D65B623F}"
EndProject
Project("{FAE04EC0-301F-11D3-BF4B-00C04F79EFBC}") = "NetWorkCore", "NetWorkCore\NetWorkCore.csproj", "{AEF60DDE-87CE-4C94-B963-EFE02D8E4AC1}"
EndProject
Project("{FAE04EC0-301F-11D3-BF4B-00C04F79EFBC}") = "NetWorkProtocol", "..\Public\NetWorkProtocol\NetWork\NetWorkProtocol.csproj", "{A73C8226-23C8-429F-A08F-CC9E51A6E10B}"
EndProject
Project("{FAE04EC0-301F-11D3-BF4B-00C04F79EFBC}") = "THE_Core", "..\THE_Core\THE_Core\THE_Core.csproj", "{84E50D15-9D09-4E5E-A096-9E62D34CE7C9}"
EndProject
Global
	GlobalSection(SolutionConfigurationPlatforms) = preSolution
		Debug|Any CPU = Debug|Any CPU
		Debug|ARM = Debug|ARM
		Debug|x64 = Debug|x64
		Debug|x86 = Debug|x86
		Release|Any CPU = Release|Any CPU
		Release|ARM = Release|ARM
		Release|x64 = Release|x64
		Release|x86 = Release|x86
	EndGlobalSection
	GlobalSection(ProjectConfigurationPlatforms) = postSolution
		{2BEE4499-3174-46F6-B336-DF26D65B623F}.Debug|Any CPU.ActiveCfg = Debug|Any CPU
		{2BEE4499-3174-46F6-B336-DF26D65B623F}.Debug|Any CPU.Build.0 = Debug|Any CPU
		{2BEE4499-3174-46F6-B336-DF26D65B623F}.Debug|ARM.ActiveCfg = Debug|Any CPU
		{2BEE4499-3174-46F6-B336-DF26D65B623F}.Debug|ARM.Build.0 = Debug|Any CPU
		{2BEE4499-3174-46F6-B336-DF26D65B623F}.Debug|x64.ActiveCfg = Debug|Any CPU
		{2BEE4499-3174-46F6-B336-DF26D65B623F}.Debug|x64.Build.0 = Debug|Any CPU
		{2BEE4499-3174-46F6-B336-DF26D65B623F}.Debug|x86.ActiveCfg = Debug|Any CPU
		{2BEE4499-3174-46F6-B336-DF26D65B623F}.Debug|x86.Build.0 = Debug|Any CPU
		{2BEE4499-3174-46F6-B336-DF26D65B623F}.Release|Any CPU.ActiveCfg = Release|Any CPU
		{2BEE4499-3174-46F6-B336-DF26D65B623F}.Release|Any CPU.Build.0 = Release|Any CPU
		{2BEE4499-3174-46F6-B336-DF26D65B623F}.Release|ARM.ActiveCfg = Release|Any CPU
		{2BEE4499-3174-46F6-B336-DF26D65B623F}.Release|ARM.Build.0 = Release|Any CPU
		{2BEE4499-3174-46F6-B336-DF26D65B623F}.Release|x64.ActiveCfg = Release|Any CPU
		{2BEE4499-3174-46F6-B336-DF26D65B623F}.Release|x64.Build.0 = Release|Any CPU
		{2BEE4499-3174-46F6-B336-DF26D65B623F}.Release|x86.ActiveCfg = Release|Any CPU
		{2BEE4499-3174-46F6-B336-DF26D65B623F}.Release|x86.Build.0 = Release|Any CPU
		{AEF60DDE-87CE-4C94-B963-EFE02D8E4AC1}.Debug|Any CPU.ActiveCfg = Debug|Any CPU
		{AEF60DDE-87CE-4C94-B963-EFE02D8E4AC1}.Debug|Any CPU.Build.0 = Debug|Any CPU
		{AEF60DDE-87CE-4C94-B963-EFE02D8E4AC1}.Debug|ARM.ActiveCfg = Debug|Any CPU
		{AEF60DDE-87CE-4C94-B963-EFE02D8E4AC1}.Debug|ARM.Build.0 = Debug|Any CPU
		{AEF60DDE-87CE-4C94-B963-EFE02D8E4AC1}.Debug|x64.ActiveCfg = Debug|Any CPU
		{AEF60DDE-87CE-4C94-B963-EFE02D8E4AC1}.Debug|x64.Build.0 = Debug|Any CPU
		{AEF60DDE-87CE-4C94-B963-EFE02D8E4AC1}.Debug|x86.ActiveCfg = Debug|Any CPU
		{AEF60DDE-87CE-4C94-B963-EFE02D8E4AC1}.Debug|x86.Build.0 = Debug|Any CPU
		{AEF60DDE-87CE-4C94-B963-EFE02D8E4AC1}.Release|Any CPU.ActiveCfg = Release|Any CPU
		{AEF60DDE-87CE-4C94-B963-EFE02D8E4AC1}.Release|Any CPU.Build.0 = Release|Any CPU
		{AEF60DDE-87CE-4C94-B963-EFE02D8E4AC1}.Release|ARM.ActiveCfg = Release|Any CPU
		{AEF60DDE-87CE-4C94-B963-EFE02D8E4AC1}.Release|ARM.Build.0 = Release|Any CPU
		{AEF60DDE-87CE-4C94-B963-EFE02D8E4AC1}.Release|x64.ActiveCfg = Release|Any CPU
		{AEF60DDE-87CE-4C94-B963-EFE02D8E4AC1}.Release|x64.Build.0 = Release|Any CPU
		{AEF60DDE-87CE-4C94-B963-EFE02D8E4AC1}.Release|x86.ActiveCfg = Release|Any CPU
		{AEF60DDE-87CE-4C94-B963-EFE02D8E4AC1}.Release|x86.Build.0 = Release|Any CPU
		{A73C8226-23C8-429F-A08F-CC9E51A6E10B}.Debug|Any CPU.ActiveCfg = Debug|Any CPU
		{A73C8226-23C8-429F-A08F-CC9E51A6E10B}.Debug|Any CPU.Build.0 = Debug|Any CPU
		{A73C8226-23C8-429F-A08F-CC9E51A6E10B}.Debug|ARM.ActiveCfg = Debug|Any CPU
		{A73C8226-23C8-429F-A08F-CC9E51A6E10B}.Debug|ARM.Build.0 = Debug|Any CPU
		{A73C8226-23C8-429F-A08F-CC9E51A6E10B}.Debug|x64.ActiveCfg = Debug|Any CPU
		{A73C8226-23C8-429F-A08F-CC9E51A6E10B}.Debug|x64.Build.0 = Debug|Any CPU
		{A73C8226-23C8-429F-A08F-CC9E51A6E10B}.Debug|x86.ActiveCfg = Debug|Any CPU
		{A73C8226-23C8-429F-A08F-CC9E51A6E10B}.Debug|x86.Build.0 = Debug|Any CPU
		{A73C8226-23C8-429F-A08F-CC9E51A6E10B}.Release|Any CPU.ActiveCfg = Release|Any CPU
		{A73C8226-23C8-429F-A08F-CC9E51A6E10B}.Release|Any CPU.Build.0 = Release|Any CPU
		{A73C8226-23C8-429F-A08F-CC9E51A6E10B}.Release|ARM.ActiveCfg = Release|Any CPU
		{A73C8226-23C8-429F-A08F-CC9E51A6E10B}.Release|ARM.Build.0 = Release|Any CPU
		{A73C8226-23C8-429F-A08F-CC9E51A6E10B}.Release|x64.ActiveCfg = Release|Any CPU
		{A73C8226-23C8-429F-A08F-CC9E51A6E10B}.Release|x64.Build.0 = Release|Any CPU
		{A73C8226-23C8-429F-A08F-CC9E51A6E10B}.Release|x86.ActiveCfg = Release|Any CPU
		{A73C8226-23C8-429F-A08F-CC9E51A6E10B}.Release|x86.Build.0 = Release|Any CPU
		{84E50D15-9D09-4E5E-A096-9E62D34CE7C9}.Debug|Any CPU.ActiveCfg = Debug|Any CPU
		{84E50D15-9D09-4E5E-A096-9E62D34CE7C9}.Debug|Any CPU.Build.0 = Debug|Any CPU
		{84E50D15-9D09-4E5E-A096-9E62D34CE7C9}.Debug|ARM.ActiveCfg = Debug|Any CPU
		{84E50D15-9D09-4E5E-A096-9E62D34CE7C9}.Debug|ARM.Build.0 = Debug|Any CPU
		{84E50D15-9D09-4E5E-A096-9E62D34CE7C9}.Debug|x64.ActiveCfg = Debug|Any CPU
		{84E50D15-9D09-4E5E-A096-9E62D34CE7C9}.Debug|x64.Build.0 = Debug|Any CPU
		{84E50D15-9D09-4E5E-A096-9E62D34CE7C9}.Debug|x86.ActiveCfg = Debug|Any CPU
		{84E50D15-9D09-4E5E-A096-9E62D34CE7C9}.Debug|x86.Build.0 = Debug|Any CPU
		{84E50D15-9D09-4E5E-A096-9E62D34CE7C9}.Release|Any CPU.ActiveCfg = Release|Any CPU
		{84E50D15-9D09-4E5E-A096-9E62D34CE7C9}.Release|Any CPU.Build.0 = Release|Any CPU
		{84E50D15-9D09-4E5E-A096-9E62D34CE7C9}.Release|ARM.ActiveCfg = Release|Any CPU
		{84E50D15-9D09-4E5E-A096-9E62D34CE7C9}.Release|ARM.Build.0 = Release|Any CPU
		{84E50D15-9D09-4E5E-A096-9E62D34CE7C9}.Release|x64.ActiveCfg = Release|Any CPU
		{84E50D15-9D09-4E5E-A096-9E62D34CE7C9}.Release|x64.Build.0 = Release|Any CPU
		{84E50D15-9D09-4E5E-A096-9E62D34CE7C9}.Release|x86.ActiveCfg = Release|Any CPU
		{84E50D15-9D09-4E5E-A096-9E62D34CE7C9}.Release|x86.Build.0 = Release|Any CPU
	EndGlobalSection
	GlobalSection(SolutionProperties) = preSolution
		HideSolutionNode = FALSE
	EndGlobalSection
EndGlobal
